// !$*UTF8*$!
{
	archiveVersion = 1;
	classes = {
	};
	objectVersion = 46;
	objects = {

/* Begin PBXBuildFile section */
		419E08981E203DEC004C502E /* AppDelegate.swift in Sources */ = {isa = PBXBuildFile; fileRef = 419E08971E203DEC004C502E /* AppDelegate.swift */; };
		419E089A1E203DEC004C502E /* ViewController.swift in Sources */ = {isa = PBXBuildFile; fileRef = 419E08991E203DEC004C502E /* ViewController.swift */; };
		419E089D1E203DEC004C502E /* Main.storyboard in Resources */ = {isa = PBXBuildFile; fileRef = 419E089B1E203DEC004C502E /* Main.storyboard */; };
		419E089F1E203DEC004C502E /* Assets.xcassets in Resources */ = {isa = PBXBuildFile; fileRef = 419E089E1E203DEC004C502E /* Assets.xcassets */; };
		419E08A21E203DEC004C502E /* LaunchScreen.storyboard in Resources */ = {isa = PBXBuildFile; fileRef = 419E08A01E203DEC004C502E /* LaunchScreen.storyboard */; };
		419E08AD1E203DEC004C502E /* Temperature_ConverterTests.swift in Sources */ = {isa = PBXBuildFile; fileRef = 419E08AC1E203DEC004C502E /* Temperature_ConverterTests.swift */; };
		419E08B81E203DEC004C502E /* Temperature_ConverterUITests.swift in Sources */ = {isa = PBXBuildFile; fileRef = 419E08B71E203DEC004C502E /* Temperature_ConverterUITests.swift */; };
/* End PBXBuildFile section */

/* Begin PBXContainerItemProxy section */
		419E08A91E203DEC004C502E /* PBXContainerItemProxy */ = {
			isa = PBXContainerItemProxy;
			containerPortal = 419E088C1E203DEC004C502E /* Project object */;
			proxyType = 1;
			remoteGlobalIDString = 419E08931E203DEC004C502E;
			remoteInfo = "Temperature Converter";
		};
		419E08B41E203DEC004C502E /* PBXContainerItemProxy */ = {
			isa = PBXContainerItemProxy;
			containerPortal = 419E088C1E203DEC004C502E /* Project object */;
			proxyType = 1;
			remoteGlobalIDString = 419E08931E203DEC004C502E;
			remoteInfo = "Temperature Converter";
		};
/* End PBXContainerItemProxy section */

/* Begin PBXFileReference section */
		419E08941E203DEC004C502E /* Temperature Converter.app */ = {isa = PBXFileReference; explicitFileType = wrapper.application; includeInIndex = 0; path = "Temperature Converter.app"; sourceTree = BUILT_PRODUCTS_DIR; };
		419E08971E203DEC004C502E /* AppDelegate.swift */ = {isa = PBXFileReference; lastKnownFileType = sourcecode.swift; path = AppDelegate.swift; sourceTree = "<group>"; };
		419E08991E203DEC004C502E /* ViewController.swift */ = {isa = PBXFileReference; lastKnownFileType = sourcecode.swift; path = ViewController.swift; sourceTree = "<group>"; };
		419E089C1E203DEC004C502E /* Base */ = {isa = PBXFileReference; lastKnownFileType = file.storyboard; name = Base; path = Base.lproj/Main.storyboard; sourceTree = "<group>"; };
		419E089E1E203DEC004C502E /* Assets.xcassets */ = {isa = PBXFileReference; lastKnownFileType = folder.assetcatalog; path = Assets.xcassets; sourceTree = "<group>"; };
		419E08A11E203DEC004C502E /* Base */ = {isa = PBXFileReference; lastKnownFileType = file.storyboard; name = Base; path = Base.lproj/LaunchScreen.storyboard; sourceTree = "<group>"; };
		419E08A31E203DEC004C502E /* Info.plist */ = {isa = PBXFileReference; lastKnownFileType = text.plist.xml; path = Info.plist; sourceTree = "<group>"; };
		419E08A81E203DEC004C502E /* Temperature ConverterTests.xctest */ = {isa = PBXFileReference; explicitFileType = wrapper.cfbundle; includeInIndex = 0; path = "Temperature ConverterTests.xctest"; sourceTree = BUILT_PRODUCTS_DIR; };
		419E08AC1E203DEC004C502E /* Temperature_ConverterTests.swift */ = {isa = PBXFileReference; lastKnownFileType = sourcecode.swift; path = Temperature_ConverterTests.swift; sourceTree = "<group>"; };
		419E08AE1E203DEC004C502E /* Info.plist */ = {isa = PBXFileReference; lastKnownFileType = text.plist.xml; path = Info.plist; sourceTree = "<group>"; };
		419E08B31E203DEC004C502E /* Temperature ConverterUITests.xctest */ = {isa = PBXFileReference; explicitFileType = wrapper.cfbundle; includeInIndex = 0; path = "Temperature ConverterUITests.xctest"; sourceTree = BUILT_PRODUCTS_DIR; };
		419E08B71E203DEC004C502E /* Temperature_ConverterUITests.swift */ = {isa = PBXFileReference; lastKnownFileType = sourcecode.swift; path = Temperature_ConverterUITests.swift; sourceTree = "<group>"; };
		419E08B91E203DEC004C502E /* Info.plist */ = {isa = PBXFileReference; lastKnownFileType = text.plist.xml; path = Info.plist; sourceTree = "<group>"; };
/* End PBXFileReference section */

/* Begin PBXFrameworksBuildPhase section */
		419E08911E203DEC004C502E /* Frameworks */ = {
			isa = PBXFrameworksBuildPhase;
			buildActionMask = 2147483647;
			files = (
			);
			runOnlyForDeploymentPostprocessing = 0;
		};
		419E08A51E203DEC004C502E /* Frameworks */ = {
			isa = PBXFrameworksBuildPhase;
			buildActionMask = 2147483647;
			files = (
			);
			runOnlyForDeploymentPostprocessing = 0;
		};
		419E08B01E203DEC004C502E /* Frameworks */ = {
			isa = PBXFrameworksBuildPhase;
			buildActionMask = 2147483647;
			files = (
			);
			runOnlyForDeploymentPostprocessing = 0;
		};
/* End PBXFrameworksBuildPhase section */

/* Begin PBXGroup section */
		419E088B1E203DEC004C502E = {
			isa = PBXGroup;
			children = (
				419E08961E203DEC004C502E /* Temperature Converter */,
				419E08AB1E203DEC004C502E /* Temperature ConverterTests */,
				419E08B61E203DEC004C502E /* Temperature ConverterUITests */,
				419E08951E203DEC004C502E /* Products */,
			);
			sourceTree = "<group>";
		};
		419E08951E203DEC004C502E /* Products */ = {
			isa = PBXGroup;
			children = (
				419E08941E203DEC004C502E /* Temperature Converter.app */,
				419E08A81E203DEC004C502E /* Temperature ConverterTests.xctest */,
				419E08B31E203DEC004C502E /* Temperature ConverterUITests.xctest */,
			);
			name = Products;
			sourceTree = "<group>";
		};
		419E08961E203DEC004C502E /* Temperature Converter */ = {
			isa = PBXGroup;
			children = (
				419E08971E203DEC004C502E /* AppDelegate.swift */,
				419E08991E203DEC004C502E /* ViewController.swift */,
				419E089B1E203DEC004C502E /* Main.storyboard */,
				419E089E1E203DEC004C502E /* Assets.xcassets */,
				419E08A01E203DEC004C502E /* LaunchScreen.storyboard */,
				419E08A31E203DEC004C502E /* Info.plist */,
			);
			path = "Temperature Converter";
			sourceTree = "<group>";
		};
		419E08AB1E203DEC004C502E /* Temperature ConverterTests */ = {
			isa = PBXGroup;
			children = (
				419E08AC1E203DEC004C502E /* Temperature_ConverterTests.swift */,
				419E08AE1E203DEC004C502E /* Info.plist */,
			);
			path = "Temperature ConverterTests";
			sourceTree = "<group>";
		};
		419E08B61E203DEC004C502E /* Temperature ConverterUITests */ = {
			isa = PBXGroup;
			children = (
				419E08B71E203DEC004C502E /* Temperature_ConverterUITests.swift */,
				419E08B91E203DEC004C502E /* Info.plist */,
			);
			path = "Temperature ConverterUITests";
			sourceTree = "<group>";
		};
/* End PBXGroup section */

/* Begin PBXNativeTarget section */
		419E08931E203DEC004C502E /* Temperature Converter */ = {
			isa = PBXNativeTarget;
			buildConfigurationList = 419E08BC1E203DEC004C502E /* Build configuration list for PBXNativeTarget "Temperature Converter" */;
			buildPhases = (
				419E08901E203DEC004C502E /* Sources */,
				419E08911E203DEC004C502E /* Frameworks */,
				419E08921E203DEC004C502E /* Resources */,
			);
			buildRules = (
			);
			dependencies = (
			);
			name = "Temperature Converter";
			productName = "Temperature Converter";
			productReference = 419E08941E203DEC004C502E /* Temperature Converter.app */;
			productType = "com.apple.product-type.application";
		};
		419E08A71E203DEC004C502E /* Temperature ConverterTests */ = {
			isa = PBXNativeTarget;
			buildConfigurationList = 419E08BF1E203DEC004C502E /* Build configuration list for PBXNativeTarget "Temperature ConverterTests" */;
			buildPhases = (
				419E08A41E203DEC004C502E /* Sources */,
				419E08A51E203DEC004C502E /* Frameworks */,
				419E08A61E203DEC004C502E /* Resources */,
			);
			buildRules = (
			);
			dependencies = (
				419E08AA1E203DEC004C502E /* PBXTargetDependency */,
			);
			name = "Temperature ConverterTests";
			productName = "Temperature ConverterTests";
			productReference = 419E08A81E203DEC004C502E /* Temperature ConverterTests.xctest */;
			productType = "com.apple.product-type.bundle.unit-test";
		};
		419E08B21E203DEC004C502E /* Temperature ConverterUITests */ = {
			isa = PBXNativeTarget;
			buildConfigurationList = 419E08C21E203DEC004C502E /* Build configuration list for PBXNativeTarget "Temperature ConverterUITests" */;
			buildPhases = (
				419E08AF1E203DEC004C502E /* Sources */,
				419E08B01E203DEC004C502E /* Frameworks */,
				419E08B11E203DEC004C502E /* Resources */,
			);
			buildRules = (
			);
			dependencies = (
				419E08B51E203DEC004C502E /* PBXTargetDependency */,
			);
			name = "Temperature ConverterUITests";
			productName = "Temperature ConverterUITests";
			productReference = 419E08B31E203DEC004C502E /* Temperature ConverterUITests.xctest */;
			productType = "com.apple.product-type.bundle.ui-testing";
		};
/* End PBXNativeTarget section */

/* Begin PBXProject section */
		419E088C1E203DEC004C502E /* Project object */ = {
			isa = PBXProject;
			attributes = {
				LastSwiftUpdateCheck = 0820;
				LastUpgradeCheck = 0820;
				ORGANIZATIONNAME = "Ali Mazeh";
				TargetAttributes = {
					419E08931E203DEC004C502E = {
						CreatedOnToolsVersion = 8.2;
						ProvisioningStyle = Automatic;
					};
					419E08A71E203DEC004C502E = {
						CreatedOnToolsVersion = 8.2;
						ProvisioningStyle = Automatic;
						TestTargetID = 419E08931E203DEC004C502E;
					};
					419E08B21E203DEC004C502E = {
						CreatedOnToolsVersion = 8.2;
						ProvisioningStyle = Automatic;
						TestTargetID = 419E08931E203DEC004C502E;
					};
				};
			};
			buildConfigurationList = 419E088F1E203DEC004C502E /* Build configuration list for PBXProject "Temperature Converter" */;
			compatibilityVersion = "Xcode 3.2";
			developmentRegion = English;
			hasScannedForEncodings = 0;
			knownRegions = (
				en,
				Base,
			);
			mainGroup = 419E088B1E203DEC004C502E;
			productRefGroup = 419E08951E203DEC004C502E /* Products */;
			projectDirPath = "";
			projectRoot = "";
			targets = (
				419E08931E203DEC004C502E /* Temperature Converter */,
				419E08A71E203DEC004C502E /* Temperature ConverterTests */,
				419E08B21E203DEC004C502E /* Temperature ConverterUITests */,
			);
		};
/* End PBXProject section */

/* Begin PBXResourcesBuildPhase section */
		419E08921E203DEC004C502E /* Resources */ = {
			isa = PBXResourcesBuildPhase;
			buildActionMask = 2147483647;
			files = (
				419E08A21E203DEC004C502E /* LaunchScreen.storyboard in Resources */,
				419E089F1E203DEC004C502E /* Assets.xcassets in Resources */,
				419E089D1E203DEC004C502E /* Main.storyboard in Resources */,
			);
			runOnlyForDeploymentPostprocessing = 0;
		};
		419E08A61E203DEC004C502E /* Resources */ = {
			isa = PBXResourcesBuildPhase;
			buildActionMask = 2147483647;
			files = (
			);
			runOnlyForDeploymentPostprocessing = 0;
		};
		419E08B11E203DEC004C502E /* Resources */ = {
			isa = PBXResourcesBuildPhase;
			buildActionMask = 2147483647;
			files = (
			);
			runOnlyForDeploymentPostprocessing = 0;
		};
/* End PBXResourcesBuildPhase section */

/* Begin PBXSourcesBuildPhase section */
		419E08901E203DEC004C502E /* Sources */ = {
			isa = PBXSourcesBuildPhase;
			buildActionMask = 2147483647;
			files = (
				419E089A1E203DEC004C502E /* ViewController.swift in Sources */,
				419E08981E203DEC004C502E /* AppDelegate.swift in Sources */,
			);
			runOnlyForDeploymentPostprocessing = 0;
		};
		419E08A41E203DEC004C502E /* Sources */ = {
			isa = PBXSourcesBuildPhase;
			buildActionMask = 2147483647;
			files = (
				419E08AD1E203DEC004C502E /* Temperature_ConverterTests.swift in Sources */,
			);
			runOnlyForDeploymentPostprocessing = 0;
		};
		419E08AF1E203DEC004C502E /* Sources */ = {
			isa = PBXSourcesBuildPhase;
			buildActionMask = 2147483647;
			files = (
				419E08B81E203DEC004C502E /* Temperature_ConverterUITests.swift in Sources */,
			);
			runOnlyForDeploymentPostprocessing = 0;
		};
/* End PBXSourcesBuildPhase section */

/* Begin PBXTargetDependency section */
		419E08AA1E203DEC004C502E /* PBXTargetDependency */ = {
			isa = PBXTargetDependency;
			target = 419E08931E203DEC004C502E /* Temperature Converter */;
			targetProxy = 419E08A91E203DEC004C502E /* PBXContainerItemProxy */;
		};
		419E08B51E203DEC004C502E /* PBXTargetDependency */ = {
			isa = PBXTargetDependency;
			target = 419E08931E203DEC004C502E /* Temperature Converter */;
			targetProxy = 419E08B41E203DEC004C502E /* PBXContainerItemProxy */;
		};
/* End PBXTargetDependency section */

/* Begin PBXVariantGroup section */
		419E089B1E203DEC004C502E /* Main.storyboard */ = {
			isa = PBXVariantGroup;
			children = (
				419E089C1E203DEC004C502E /* Base */,
			);
			name = Main.storyboard;
			sourceTree = "<group>";
		};
		419E08A01E203DEC004C502E /* LaunchScreen.storyboard */ = {
			isa = PBXVariantGroup;
			children = (
				419E08A11E203DEC004C502E /* Base */,
			);
			name = LaunchScreen.storyboard;
			sourceTree = "<group>";
		};
/* End PBXVariantGroup section */

/* Begin XCBuildConfiguration section */
		419E08BA1E203DEC004C502E /* Debug */ = {
			isa = XCBuildConfiguration;
			buildSettings = {
				ALWAYS_SEARCH_USER_PATHS = NO;
				CLANG_ANALYZER_NONNULL = YES;
				CLANG_CXX_LANGUAGE_STANDARD = "gnu++0x";
				CLANG_CXX_LIBRARY = "libc++";
				CLANG_ENABLE_MODULES = YES;
				CLANG_ENABLE_OBJC_ARC = YES;
				CLANG_WARN_BOOL_CONVERSION = YES;
				CLANG_WARN_CONSTANT_CONVERSION = YES;
				CLANG_WARN_DIRECT_OBJC_ISA_USAGE = YES_ERROR;
				CLANG_WARN_DOCUMENTATION_COMMENTS = YES;
				CLANG_WARN_EMPTY_BODY = YES;
				CLANG_WARN_ENUM_CONVERSION = YES;
				CLANG_WARN_INFINITE_RECURSION = YES;
				CLANG_WARN_INT_CONVERSION = YES;
				CLANG_WARN_OBJC_ROOT_CLASS = YES_ERROR;
				CLANG_WARN_SUSPICIOUS_MOVE = YES;
				CLANG_WARN_UNREACHABLE_CODE = YES;
				CLANG_WARN__DUPLICATE_METHOD_MATCH = YES;
				"CODE_SIGN_IDENTITY[sdk=iphoneos*]" = "iPhone Developer";
				COPY_PHASE_STRIP = NO;
				DEBUG_INFORMATION_FORMAT = dwarf;
				ENABLE_STRICT_OBJC_MSGSEND = YES;
				ENABLE_TESTABILITY = YES;
				GCC_C_LANGUAGE_STANDARD = gnu99;
				GCC_DYNAMIC_NO_PIC = NO;
				GCC_NO_COMMON_BLOCKS = YES;
				GCC_OPTIMIZATION_LEVEL = 0;
				GCC_PREPROCESSOR_DEFINITIONS = (
					"DEBUG=1",
					"$(inherited)",
				);
				GCC_WARN_64_TO_32_BIT_CONVERSION = YES;
				GCC_WARN_ABOUT_RETURN_TYPE = YES_ERROR;
				GCC_WARN_UNDECLARED_SELECTOR = YES;
				GCC_WARN_UNINITIALIZED_AUTOS = YES_AGGRESSIVE;
				GCC_WARN_UNUSED_FUNCTION = YES;
				GCC_WARN_UNUSED_VARIABLE = YES;
				IPHONEOS_DEPLOYMENT_TARGET = 10.2;
				MTL_ENABLE_DEBUG_INFO = YES;
				ONLY_ACTIVE_ARCH = YES;
				SDKROOT = iphoneos;
				SWIFT_ACTIVE_COMPILATION_CONDITIONS = DEBUG;
				SWIFT_OPTIMIZATION_LEVEL = "-Onone";
				TARGETED_DEVICE_FAMILY = "1,2";
			};
			name = Debug;
		};
		419E08BB1E203DEC004C502E /* Release */ = {
			isa = XCBuildConfiguration;
			buildSettings = {
				ALWAYS_SEARCH_USER_PATHS = NO;
				CLANG_ANALYZER_NONNULL = YES;
				CLANG_CXX_LANGUAGE_STANDARD = "gnu++0x";
				CLANG_CXX_LIBRARY = "libc++";
				CLANG_ENABLE_MODULES = YES;
				CLANG_ENABLE_OBJC_ARC = YES;
				CLANG_WARN_BOOL_CONVERSION = YES;
				CLANG_WARN_CONSTANT_CONVERSION = YES;
				CLANG_WARN_DIRECT_OBJC_ISA_USAGE = YES_ERROR;
				CLANG_WARN_DOCUMENTATION_COMMENTS = YES;
				CLANG_WARN_EMPTY_BODY = YES;
				CLANG_WARN_ENUM_CONVERSION = YES;
				CLANG_WARN_INFINITE_RECURSION = YES;
				CLANG_WARN_INT_CONVERSION = YES;
				CLANG_WARN_OBJC_ROOT_CLASS = YES_ERROR;
				CLANG_WARN_SUSPICIOUS_MOVE = YES;
				CLANG_WARN_UNREACHABLE_CODE = YES;
				CLANG_WARN__DUPLICATE_METHOD_MATCH = YES;
				"CODE_SIGN_IDENTITY[sdk=iphoneos*]" = "iPhone Developer";
				COPY_PHASE_STRIP = NO;
				DEBUG_INFORMATION_FORMAT = "dwarf-with-dsym";
				ENABLE_NS_ASSERTIONS = NO;
				ENABLE_STRICT_OBJC_MSGSEND = YES;
				GCC_C_LANGUAGE_STANDARD = gnu99;
				GCC_NO_COMMON_BLOCKS = YES;
				GCC_WARN_64_TO_32_BIT_CONVERSION = YES;
				GCC_WARN_ABOUT_RETURN_TYPE = YES_ERROR;
				GCC_WARN_UNDECLARED_SELECTOR = YES;
				GCC_WARN_UNINITIALIZED_AUTOS = YES_AGGRESSIVE;
				GCC_WARN_UNUSED_FUNCTION = YES;
				GCC_WARN_UNUSED_VARIABLE = YES;
				IPHONEOS_DEPLOYMENT_TARGET = 10.2;
				MTL_ENABLE_DEBUG_INFO = NO;
				SDKROOT = iphoneos;
				SWIFT_OPTIMIZATION_LEVEL = "-Owholemodule";
				TARGETED_DEVICE_FAMILY = "1,2";
				VALIDATE_PRODUCT = YES;
			};
			name = Release;
		};
		419E08BD1E203DEC004C502E /* Debug */ = {
			isa = XCBuildConfiguration;
			buildSettings = {
				ASSETCATALOG_COMPILER_APPICON_NAME = AppIcon;
				INFOPLIST_FILE = "Temperature Converter/Info.plist";
				LD_RUNPATH_SEARCH_PATHS = "$(inherited) @executable_path/Frameworks";
				PRODUCT_BUNDLE_IDENTIFIER = "Me.Temperature-Converter";
				PRODUCT_NAME = "$(TARGET_NAME)";
				SWIFT_VERSION = 3.0;
			};
			name = Debug;
		};
		419E08BE1E203DEC004C502E /* Release */ = {
			isa = XCBuildConfiguration;
			buildSettings = {
				ASSETCATALOG_COMPILER_APPICON_NAME = AppIcon;
				INFOPLIST_FILE = "Temperature Converter/Info.plist";
				LD_RUNPATH_SEARCH_PATHS = "$(inherited) @executable_path/Frameworks";
				PRODUCT_BUNDLE_IDENTIFIER = "Me.Temperature-Converter";
				PRODUCT_NAME = "$(TARGET_NAME)";
				SWIFT_VERSION = 3.0;
			};
			name = Release;
		};
		419E08C01E203DEC004C502E /* Debug */ = {
			isa = XCBuildConfiguration;
			buildSettings = {
				ALWAYS_EMBED_SWIFT_STANDARD_LIBRARIES = YES;
				BUNDLE_LOADER = "$(TEST_HOST)";
				INFOPLIST_FILE = "Temperature ConverterTests/Info.plist";
				LD_RUNPATH_SEARCH_PATHS = "$(inherited) @executable_path/Frameworks @loader_path/Frameworks";
				PRODUCT_BUNDLE_IDENTIFIER = "Me.Temperature-ConverterTests";
				PRODUCT_NAME = "$(TARGET_NAME)";
				SWIFT_VERSION = 3.0;
				TEST_HOST = "$(BUILT_PRODUCTS_DIR)/Temperature Converter.app/Temperature Converter";
			};
			name = Debug;
		};
		419E08C11E203DEC004C502E /* Release */ = {
			isa = XCBuildConfiguration;
			buildSettings = {
				ALWAYS_EMBED_SWIFT_STANDARD_LIBRARIES = YES;
				BUNDLE_LOADER = "$(TEST_HOST)";
				INFOPLIST_FILE = "Temperature ConverterTests/Info.plist";
				LD_RUNPATH_SEARCH_PATHS = "$(inherited) @executable_path/Frameworks @loader_path/Frameworks";
				PRODUCT_BUNDLE_IDENTIFIER = "Me.Temperature-ConverterTests";
				PRODUCT_NAME = "$(TARGET_NAME)";
				SWIFT_VERSION = 3.0;
				TEST_HOST = "$(BUILT_PRODUCTS_DIR)/Temperature Converter.app/Temperature Converter";
			};
			name = Release;
		};
		419E08C31E203DEC004C502E /* Debug */ = {
			isa = XCBuildConfiguration;
			buildSettings = {
				ALWAYS_EMBED_SWIFT_STANDARD_LIBRARIES = YES;
				INFOPLIST_FILE = "Temperature ConverterUITests/Info.plist";
				LD_RUNPATH_SEARCH_PATHS = "$(inherited) @executable_path/Frameworks @loader_path/Frameworks";
				PRODUCT_BUNDLE_IDENTIFIER = "Me.Temperature-ConverterUITests";
				PRODUCT_NAME = "$(TARGET_NAME)";
				SWIFT_VERSION = 3.0;
				TEST_TARGET_NAME = "Temperature Converter";
			};
			name = Debug;
		};
		419E08C41E203DEC004C502E /* Release */ = {
			isa = XCBuildConfiguration;
			buildSettings = {
				ALWAYS_EMBED_SWIFT_STANDARD_LIBRARIES = YES;
				INFOPLIST_FILE = "Temperature ConverterUITests/Info.plist";
				LD_RUNPATH_SEARCH_PATHS = "$(inherited) @executable_path/Frameworks @loader_path/Frameworks";
				PRODUCT_BUNDLE_IDENTIFIER = "Me.Temperature-ConverterUITests";
				PRODUCT_NAME = "$(TARGET_NAME)";
				SWIFT_VERSION = 3.0;
				TEST_TARGET_NAME = "Temperature Converter";
			};
			name = Release;
		};
/* End XCBuildConfiguration section */

/* Begin XCConfigurationList section */
		419E088F1E203DEC004C502E /* Build configuration list for PBXProject "Temperature Converter" */ = {
			isa = XCConfigurationList;
			buildConfigurations = (
				419E08BA1E203DEC004C502E /* Debug */,
				419E08BB1E203DEC004C502E /* Release */,
			);
			defaultConfigurationIsVisible = 0;
			defaultConfigurationName = Release;
		};
		419E08BC1E203DEC004C502E /* Build configuration list for PBXNativeTarget "Temperature Converter" */ = {
			isa = XCConfigurationList;
			buildConfigurations = (
				419E08BD1E203DEC004C502E /* Debug */,
				419E08BE1E203DEC004C502E /* Release */,
			);
			defaultConfigurationIsVisible = 0;
		};
		419E08BF1E203DEC004C502E /* Build configuration list for PBXNativeTarget "Temperature ConverterTests" */ = {
			isa = XCConfigurationList;
			buildConfigurations = (
				419E08C01E203DEC004C502E /* Debug */,
				419E08C11E203DEC004C502E /* Release */,
			);
			defaultConfigurationIsVisible = 0;
		};
		419E08C21E203DEC004C502E /* Build configuration list for PBXNativeTarget "Temperature ConverterUITests" */ = {
			isa = XCConfigurationList;
			buildConfigurations = (
				419E08C31E203DEC004C502E /* Debug */,
				419E08C41E203DEC004C502E /* Release */,
			);
			defaultConfigurationIsVisible = 0;
		};
/* End XCConfigurationList section */
	};
	rootObject = 419E088C1E203DEC004C502E /* Project object */;
}
